
Microsoft Visual Studio Solution File, Format Version 12.00
# Visual Studio Version 17
VisualStudioVersion = 17.14.36518.9 d17.14
MinimumVisualStudioVersion = 10.0.40219.1
Project("{FAE04EC0-301F-11D3-BF4B-00C04F79EFBC}") = "FinancialServices.Api", "FinancialServices.Api\FinancialServices.Api.csproj", "{80E6A91C-A63F-45D0-AE50-EF70B9B8D4CD}"
EndProject
Project("{FAE04EC0-301F-11D3-BF4B-00C04F79EFBC}") = "FinancialServices.Tests", "FinancialServices.Tests\FinancialServices.Tests.csproj", "{955DAE8B-3139-4F1C-8C27-1D6805113AE4}"
EndProject
Global
	GlobalSection(SolutionConfigurationPlatforms) = preSolution
		Debug|Any CPU = Debug|Any CPU
		Release|Any CPU = Release|Any CPU
	EndGlobalSection
	GlobalSection(ProjectConfigurationPlatforms) = postSolution
		{80E6A91C-A63F-45D0-AE50-EF70B9B8D4CD}.Debug|Any CPU.ActiveCfg = Debug|Any CPU
		{80E6A91C-A63F-45D0-AE50-EF70B9B8D4CD}.Debug|Any CPU.Build.0 = Debug|Any CPU
		{80E6A91C-A63F-45D0-AE50-EF70B9B8D4CD}.Release|Any CPU.ActiveCfg = Release|Any CPU
		{80E6A91C-A63F-45D0-AE50-EF70B9B8D4CD}.Release|Any CPU.Build.0 = Release|Any CPU
		{955DAE8B-3139-4F1C-8C27-1D6805113AE4}.Debug|Any CPU.ActiveCfg = Debug|Any CPU
		{955DAE8B-3139-4F1C-8C27-1D6805113AE4}.Debug|Any CPU.Build.0 = Debug|Any CPU
		{955DAE8B-3139-4F1C-8C27-1D6805113AE4}.Release|Any CPU.ActiveCfg = Release|Any CPU
		{955DAE8B-3139-4F1C-8C27-1D6805113AE4}.Release|Any CPU.Build.0 = Release|Any CPU
	EndGlobalSection
	GlobalSection(SolutionProperties) = preSolution
		HideSolutionNode = FALSE
	EndGlobalSection
	GlobalSection(ExtensibilityGlobals) = postSolution
		SolutionGuid = {CE6BD68F-457F-4D5F-B629-011F30B0B5A1}
	EndGlobalSection
EndGlobal
